
Microsoft Visual Studio Solution File, Format Version 12.00
# Visual Studio Version 16
VisualStudioVersion = 16.0.29424.173
MinimumVisualStudioVersion = 10.0.40219.1
Project("{FAE04EC0-301F-11D3-BF4B-00C04F79EFBC}") = "ReadingFiles", "ReadingFiles.csproj", "{4F0F7DBB-45C0-4447-AD7B-6768AAAFFBD5}"
EndProject
Global
	GlobalSection(SolutionConfigurationPlatforms) = preSolution
		Debug|Any CPU = Debug|Any CPU
		Release|Any CPU = Release|Any CPU
	EndGlobalSection
	GlobalSection(ProjectConfigurationPlatforms) = postSolution
		{4F0F7DBB-45C0-4447-AD7B-6768AAAFFBD5}.Debug|Any CPU.ActiveCfg = Debug|Any CPU
		{4F0F7DBB-45C0-4447-AD7B-6768AAAFFBD5}.Debug|Any CPU.Build.0 = Debug|Any CPU
		{4F0F7DBB-45C0-4447-AD7B-6768AAAFFBD5}.Release|Any CPU.ActiveCfg = Release|Any CPU
		{4F0F7DBB-45C0-4447-AD7B-6768AAAFFBD5}.Release|Any CPU.Build.0 = Release|Any CPU
	EndGlobalSection
	GlobalSection(SolutionProperties) = preSolution
		HideSolutionNode = FALSE
	EndGlobalSection
	GlobalSection(ExtensibilityGlobals) = postSolution
		SolutionGuid = {0641C04C-DE2E-4447-BEF6-21101EFB73AD}
	EndGlobalSection
EndGlobal
