
Microsoft Visual Studio Solution File, Format Version 12.00
# Visual Studio 15
VisualStudioVersion = 15.0.28307.960
MinimumVisualStudioVersion = 10.0.40219.1
Project("{FAE04EC0-301F-11D3-BF4B-00C04F79EFBC}") = "MultiDimensionalArray", "MultiDimensionalArray.csproj", "{87379C49-2B05-4D5C-9AF3-65D252AC895C}"
EndProject
Global
	GlobalSection(SolutionConfigurationPlatforms) = preSolution
		Debug|Any CPU = Debug|Any CPU
		Release|Any CPU = Release|Any CPU
	EndGlobalSection
	GlobalSection(ProjectConfigurationPlatforms) = postSolution
		{87379C49-2B05-4D5C-9AF3-65D252AC895C}.Debug|Any CPU.ActiveCfg = Debug|Any CPU
		{87379C49-2B05-4D5C-9AF3-65D252AC895C}.Debug|Any CPU.Build.0 = Debug|Any CPU
		{87379C49-2B05-4D5C-9AF3-65D252AC895C}.Release|Any CPU.ActiveCfg = Release|Any CPU
		{87379C49-2B05-4D5C-9AF3-65D252AC895C}.Release|Any CPU.Build.0 = Release|Any CPU
	EndGlobalSection
	GlobalSection(SolutionProperties) = preSolution
		HideSolutionNode = FALSE
	EndGlobalSection
	GlobalSection(ExtensibilityGlobals) = postSolution
		SolutionGuid = {7652BA26-470C-496A-B1EF-53B15CF66701}
	EndGlobalSection
EndGlobal
