
Microsoft Visual Studio Solution File, Format Version 12.00
# Visual Studio Version 16
VisualStudioVersion = 16.0.29424.173
MinimumVisualStudioVersion = 10.0.40219.1
Project("{FAE04EC0-301F-11D3-BF4B-00C04F79EFBC}") = "DBConnection", "DBConnection.csproj", "{3C20BF08-0475-49D2-B687-2E01F4999ACF}"
EndProject
Global
	GlobalSection(SolutionConfigurationPlatforms) = preSolution
		Debug|Any CPU = Debug|Any CPU
		Release|Any CPU = Release|Any CPU
	EndGlobalSection
	GlobalSection(ProjectConfigurationPlatforms) = postSolution
		{3C20BF08-0475-49D2-B687-2E01F4999ACF}.Debug|Any CPU.ActiveCfg = Debug|Any CPU
		{3C20BF08-0475-49D2-B687-2E01F4999ACF}.Debug|Any CPU.Build.0 = Debug|Any CPU
		{3C20BF08-0475-49D2-B687-2E01F4999ACF}.Release|Any CPU.ActiveCfg = Release|Any CPU
		{3C20BF08-0475-49D2-B687-2E01F4999ACF}.Release|Any CPU.Build.0 = Release|Any CPU
	EndGlobalSection
	GlobalSection(SolutionProperties) = preSolution
		HideSolutionNode = FALSE
	EndGlobalSection
	GlobalSection(ExtensibilityGlobals) = postSolution
		SolutionGuid = {8C78B7B3-FB51-4646-AC38-85B4CFC5BB99}
	EndGlobalSection
EndGlobal
