
Microsoft Visual Studio Solution File, Format Version 12.00
# Visual Studio Version 16
VisualStudioVersion = 16.0.29613.14
MinimumVisualStudioVersion = 10.0.40219.1
Project("{FAE04EC0-301F-11D3-BF4B-00C04F79EFBC}") = "ArrayList", "ArrayList\ArrayList.csproj", "{ED328355-8523-4E39-99B9-6FEF098C23BE}"
EndProject
Global
	GlobalSection(SolutionConfigurationPlatforms) = preSolution
		Debug|Any CPU = Debug|Any CPU
		Release|Any CPU = Release|Any CPU
	EndGlobalSection
	GlobalSection(ProjectConfigurationPlatforms) = postSolution
		{ED328355-8523-4E39-99B9-6FEF098C23BE}.Debug|Any CPU.ActiveCfg = Debug|Any CPU
		{ED328355-8523-4E39-99B9-6FEF098C23BE}.Debug|Any CPU.Build.0 = Debug|Any CPU
		{ED328355-8523-4E39-99B9-6FEF098C23BE}.Release|Any CPU.ActiveCfg = Release|Any CPU
		{ED328355-8523-4E39-99B9-6FEF098C23BE}.Release|Any CPU.Build.0 = Release|Any CPU
	EndGlobalSection
	GlobalSection(SolutionProperties) = preSolution
		HideSolutionNode = FALSE
	EndGlobalSection
	GlobalSection(ExtensibilityGlobals) = postSolution
		SolutionGuid = {FD962B30-B384-4F23-B7C7-78ED7EFE79FE}
	EndGlobalSection
EndGlobal
