
Microsoft Visual Studio Solution File, Format Version 12.00
# Visual Studio Version 16
VisualStudioVersion = 16.0.29613.14
MinimumVisualStudioVersion = 10.0.40219.1
Project("{FAE04EC0-301F-11D3-BF4B-00C04F79EFBC}") = "HelloForm", "HelloForm.csproj", "{07B120B2-D3F5-43E3-BE1E-F938442959F2}"
EndProject
Global
	GlobalSection(SolutionConfigurationPlatforms) = preSolution
		Debug|Any CPU = Debug|Any CPU
		Release|Any CPU = Release|Any CPU
	EndGlobalSection
	GlobalSection(ProjectConfigurationPlatforms) = postSolution
		{07B120B2-D3F5-43E3-BE1E-F938442959F2}.Debug|Any CPU.ActiveCfg = Debug|Any CPU
		{07B120B2-D3F5-43E3-BE1E-F938442959F2}.Debug|Any CPU.Build.0 = Debug|Any CPU
		{07B120B2-D3F5-43E3-BE1E-F938442959F2}.Release|Any CPU.ActiveCfg = Release|Any CPU
		{07B120B2-D3F5-43E3-BE1E-F938442959F2}.Release|Any CPU.Build.0 = Release|Any CPU
	EndGlobalSection
	GlobalSection(SolutionProperties) = preSolution
		HideSolutionNode = FALSE
	EndGlobalSection
	GlobalSection(ExtensibilityGlobals) = postSolution
		SolutionGuid = {5FDD922F-DB9B-4BCE-A6E3-4D8E3829B33D}
	EndGlobalSection
EndGlobal
