
Microsoft Visual Studio Solution File, Format Version 12.00
# Visual Studio Version 16
VisualStudioVersion = 16.0.29424.173
MinimumVisualStudioVersion = 10.0.40219.1
Project("{FAE04EC0-301F-11D3-BF4B-00C04F79EFBC}") = "Static Polymorphism", "Static Polymorphism.csproj", "{20F19AB0-B140-42D8-9276-093F7B94EFDF}"
EndProject
Global
	GlobalSection(SolutionConfigurationPlatforms) = preSolution
		Debug|Any CPU = Debug|Any CPU
		Release|Any CPU = Release|Any CPU
	EndGlobalSection
	GlobalSection(ProjectConfigurationPlatforms) = postSolution
		{20F19AB0-B140-42D8-9276-093F7B94EFDF}.Debug|Any CPU.ActiveCfg = Debug|Any CPU
		{20F19AB0-B140-42D8-9276-093F7B94EFDF}.Debug|Any CPU.Build.0 = Debug|Any CPU
		{20F19AB0-B140-42D8-9276-093F7B94EFDF}.Release|Any CPU.ActiveCfg = Release|Any CPU
		{20F19AB0-B140-42D8-9276-093F7B94EFDF}.Release|Any CPU.Build.0 = Release|Any CPU
	EndGlobalSection
	GlobalSection(SolutionProperties) = preSolution
		HideSolutionNode = FALSE
	EndGlobalSection
	GlobalSection(ExtensibilityGlobals) = postSolution
		SolutionGuid = {BBAD759D-E630-4022-82FA-0DEE259579E9}
	EndGlobalSection
EndGlobal
