
Microsoft Visual Studio Solution File, Format Version 12.00
# Visual Studio Version 16
VisualStudioVersion = 16.0.29424.173
MinimumVisualStudioVersion = 10.0.40219.1
Project("{9A19103F-16F7-4668-BE54-9A1E7A4F7556}") = "Stack", "Stack.csproj", "{1391387F-D0A0-4945-9BDA-F7CE2AA5442E}"
EndProject
Global
	GlobalSection(SolutionConfigurationPlatforms) = preSolution
		Debug|Any CPU = Debug|Any CPU
		Release|Any CPU = Release|Any CPU
	EndGlobalSection
	GlobalSection(ProjectConfigurationPlatforms) = postSolution
		{1391387F-D0A0-4945-9BDA-F7CE2AA5442E}.Debug|Any CPU.ActiveCfg = Debug|Any CPU
		{1391387F-D0A0-4945-9BDA-F7CE2AA5442E}.Debug|Any CPU.Build.0 = Debug|Any CPU
		{1391387F-D0A0-4945-9BDA-F7CE2AA5442E}.Release|Any CPU.ActiveCfg = Release|Any CPU
		{1391387F-D0A0-4945-9BDA-F7CE2AA5442E}.Release|Any CPU.Build.0 = Release|Any CPU
	EndGlobalSection
	GlobalSection(SolutionProperties) = preSolution
		HideSolutionNode = FALSE
	EndGlobalSection
	GlobalSection(ExtensibilityGlobals) = postSolution
		SolutionGuid = {565F7698-57F1-492A-9E3D-ACA467C01BBC}
	EndGlobalSection
EndGlobal
